
Microsoft Visual Studio Solution File, Format Version 12.00
# Visual Studio Version 16
VisualStudioVersion = 16.0.29728.190
MinimumVisualStudioVersion = 10.0.40219.1
Project("{9A19103F-16F7-4668-BE54-9A1E7A4F7556}") = "BudgetMaster", "BudgetMasterFunctions\BudgetMaster.csproj", "{42EBABA2-AA2F-4BE1-B004-E16314153068}"
EndProject
Project("{9A19103F-16F7-4668-BE54-9A1E7A4F7556}") = "BudgetMaster.Tests", "BudgetMasterTests\BudgetMaster.Tests.csproj", "{7EA1653F-1C9D-4680-BBD5-F978C10A4AA5}"
EndProject
Global
	GlobalSection(SolutionConfigurationPlatforms) = preSolution
		Debug|Any CPU = Debug|Any CPU
		Release|Any CPU = Release|Any CPU
	EndGlobalSection
	GlobalSection(ProjectConfigurationPlatforms) = postSolution
		{42EBABA2-AA2F-4BE1-B004-E16314153068}.Debug|Any CPU.ActiveCfg = Debug|Any CPU
		{42EBABA2-AA2F-4BE1-B004-E16314153068}.Debug|Any CPU.Build.0 = Debug|Any CPU
		{42EBABA2-AA2F-4BE1-B004-E16314153068}.Release|Any CPU.ActiveCfg = Release|Any CPU
		{42EBABA2-AA2F-4BE1-B004-E16314153068}.Release|Any CPU.Build.0 = Release|Any CPU
		{7EA1653F-1C9D-4680-BBD5-F978C10A4AA5}.Debug|Any CPU.ActiveCfg = Debug|Any CPU
		{7EA1653F-1C9D-4680-BBD5-F978C10A4AA5}.Debug|Any CPU.Build.0 = Debug|Any CPU
		{7EA1653F-1C9D-4680-BBD5-F978C10A4AA5}.Release|Any CPU.ActiveCfg = Release|Any CPU
		{7EA1653F-1C9D-4680-BBD5-F978C10A4AA5}.Release|Any CPU.Build.0 = Release|Any CPU
	EndGlobalSection
	GlobalSection(SolutionProperties) = preSolution
		HideSolutionNode = FALSE
	EndGlobalSection
	GlobalSection(ExtensibilityGlobals) = postSolution
		SolutionGuid = {CED9DF42-6411-40F1-BFDA-E93CA02AA935}
	EndGlobalSection
EndGlobal
